
Microsoft Visual Studio Solution File, Format Version 12.00
# Visual Studio Version 17
VisualStudioVersion = 17.7.34202.233
MinimumVisualStudioVersion = 10.0.40219.1
Project("{9A19103F-16F7-4668-BE54-9A1E7A4F7556}") = "UseThi", "UseThi.csproj", "{884D95B0-3DB7-44E0-8255-7BE80D997637}"
EndProject
Project("{2150E333-8FDC-42A3-9474-1A3956D46DE8}") = "Solution Items", "Solution Items", "{44B6C90F-CD88-4678-AD38-E793DB2C644D}"
	ProjectSection(SolutionItems) = preProject
		.editorconfig = .editorconfig
	EndProjectSection
EndProject
Project("{FAE04EC0-301F-11D3-BF4B-00C04F79EFBC}") = "Data", "..\Data\Data.csproj", "{615021BF-7508-42FF-85D9-079E1E916AA1}"
EndProject
Global
	GlobalSection(SolutionConfigurationPlatforms) = preSolution
		Debug|Any CPU = Debug|Any CPU
		Release|Any CPU = Release|Any CPU
	EndGlobalSection
	GlobalSection(ProjectConfigurationPlatforms) = postSolution
		{884D95B0-3DB7-44E0-8255-7BE80D997637}.Debug|Any CPU.ActiveCfg = Debug|Any CPU
		{884D95B0-3DB7-44E0-8255-7BE80D997637}.Debug|Any CPU.Build.0 = Debug|Any CPU
		{884D95B0-3DB7-44E0-8255-7BE80D997637}.Release|Any CPU.ActiveCfg = Release|Any CPU
		{884D95B0-3DB7-44E0-8255-7BE80D997637}.Release|Any CPU.Build.0 = Release|Any CPU
		{615021BF-7508-42FF-85D9-079E1E916AA1}.Debug|Any CPU.ActiveCfg = Debug|Any CPU
		{615021BF-7508-42FF-85D9-079E1E916AA1}.Debug|Any CPU.Build.0 = Debug|Any CPU
		{615021BF-7508-42FF-85D9-079E1E916AA1}.Release|Any CPU.ActiveCfg = Release|Any CPU
		{615021BF-7508-42FF-85D9-079E1E916AA1}.Release|Any CPU.Build.0 = Release|Any CPU
	EndGlobalSection
	GlobalSection(SolutionProperties) = preSolution
		HideSolutionNode = FALSE
	EndGlobalSection
	GlobalSection(ExtensibilityGlobals) = postSolution
		SolutionGuid = {98A9423D-0BCA-43CE-B05D-C50ED9FA4DFE}
	EndGlobalSection
EndGlobal
